Microsoft Visual Studio Solution File, Format Version 12.00
# Visual Studio 14
VisualStudioVersion = 14.0.25420.1
MinimumVisualStudioVersion = 10.0.40219.1
Project("{FAE04EC0-301F-11D3-BF4B-00C04F79EFBC}") = "Tsunami", "Tsunami\Tsunami.csproj", "{063D6E39-33AE-45C8-95F5-A0DD1FEE5C3A}"
	ProjectSection(ProjectDependencies) = postProject
		{9504E5FA-6818-452A-A2E8-3B34567A6CD2} = {9504E5FA-6818-452A-A2E8-3B34567A6CD2}
	EndProjectSection
EndProject
Project("{FAE04EC0-301F-11D3-BF4B-00C04F79EFBC}") = "Tsunami.Gui.Wpf", "GUI_WPF\Tsunami.Gui.Wpf.csproj", "{20DF793B-B1D4-4119-9CA8-524AD06F3905}"
	ProjectSection(ProjectDependencies) = postProject
		{9504E5FA-6818-452A-A2E8-3B34567A6CD2} = {9504E5FA-6818-452A-A2E8-3B34567A6CD2}
	EndProjectSection
EndProject
Project("{8BC9CEB8-8B4A-11D0-8D11-00A0C91BC942}") = "Tsunami.Core", "Core\TsunamiCore.vcxproj", "{9504E5FA-6818-452A-A2E8-3B34567A6CD2}"
EndProject
Project("{FAE04EC0-301F-11D3-BF4B-00C04F79EFBC}") = "Tsunami.SessionManager", "SessionManager\Tsunami.SessionManager.csproj", "{72A3592C-2B4E-45B1-A644-F0A9A4D8644A}"
	ProjectSection(ProjectDependencies) = postProject
		{9504E5FA-6818-452A-A2E8-3B34567A6CD2} = {9504E5FA-6818-452A-A2E8-3B34567A6CD2}
	EndProjectSection
EndProject
Project("{FAE04EC0-301F-11D3-BF4B-00C04F79EFBC}") = "Tsunami.StreamingManager", "StreamingManager\Tsunami.StreamingManager.csproj", "{C12B4189-79E4-4B3C-AB8A-A0F76F55F179}"
EndProject
Global
	GlobalSection(SolutionConfigurationPlatforms) = preSolution
		Debug|x64 = Debug|x64
		Debug|x86 = Debug|x86
		Release|x64 = Release|x64
		Release|x86 = Release|x86
	EndGlobalSection
	GlobalSection(ProjectConfigurationPlatforms) = postSolution
		{20DF793B-B1D4-4119-9CA8-524AD06F3905}.Debug|x64.ActiveCfg = Debug|x64
		{20DF793B-B1D4-4119-9CA8-524AD06F3905}.Debug|x86.ActiveCfg = Debug|x86
		{20DF793B-B1D4-4119-9CA8-524AD06F3905}.Release|x64.ActiveCfg = Release|x64
		{20DF793B-B1D4-4119-9CA8-524AD06F3905}.Release|x86.ActiveCfg = Release|x86
		{9504E5FA-6818-452A-A2E8-3B34567A6CD2}.Debug|x64.ActiveCfg = Debug|x64
		{9504E5FA-6818-452A-A2E8-3B34567A6CD2}.Debug|x64.Build.0 = Debug|x64
		{9504E5FA-6818-452A-A2E8-3B34567A6CD2}.Debug|x86.ActiveCfg = Debug|Win32
		{9504E5FA-6818-452A-A2E8-3B34567A6CD2}.Debug|x86.Build.0 = Debug|Win32
		{9504E5FA-6818-452A-A2E8-3B34567A6CD2}.Release|x64.ActiveCfg = Release|x64
		{9504E5FA-6818-452A-A2E8-3B34567A6CD2}.Release|x64.Build.0 = Release|x64
		{9504E5FA-6818-452A-A2E8-3B34567A6CD2}.Release|x86.ActiveCfg = Release|Win32
		{9504E5FA-6818-452A-A2E8-3B34567A6CD2}.Release|x86.Build.0 = Release|Win32
		{72A3592C-2B4E-45B1-A644-F0A9A4D8644A}.Debug|x64.ActiveCfg = Debug|x64
		{72A3592C-2B4E-45B1-A644-F0A9A4D8644A}.Debug|x86.ActiveCfg = Debug|x86
		{72A3592C-2B4E-45B1-A644-F0A9A4D8644A}.Release|x64.ActiveCfg = Release|x64
		{72A3592C-2B4E-45B1-A644-F0A9A4D8644A}.Release|x86.ActiveCfg = Release|x86
		{C12B4189-79E4-4B3C-AB8A-A0F76F55F179}.Debug|x64.ActiveCfg = Debug|x64
		{C12B4189-79E4-4B3C-AB8A-A0F76F55F179}.Debug|x86.ActiveCfg = Debug|x86
		{C12B4189-79E4-4B3C-AB8A-A0F76F55F179}.Release|x64.ActiveCfg = Release|x64
		{C12B4189-79E4-4B3C-AB8A-A0F76F55F179}.Release|x86.ActiveCfg = Release|x86
		{063D6E39-33AE-45C8-95F5-A0DD1FEE5C3A}.Debug|x64.ActiveCfg = Debug|x64
		{063D6E39-33AE-45C8-95F5-A0DD1FEE5C3A}.Debug|x64.Build.0 = Debug|x64
		{063D6E39-33AE-45C8-95F5-A0DD1FEE5C3A}.Debug|x86.ActiveCfg = Debug|x86
		{063D6E39-33AE-45C8-95F5-A0DD1FEE5C3A}.Debug|x86.Build.0 = Debug|x86
		{063D6E39-33AE-45C8-95F5-A0DD1FEE5C3A}.Release|x64.ActiveCfg = Release|x64
		{063D6E39-33AE-45C8-95F5-A0DD1FEE5C3A}.Release|x64.Build.0 = Release|x64
		{063D6E39-33AE-45C8-95F5-A0DD1FEE5C3A}.Release|x86.ActiveCfg = Release|x86
		{063D6E39-33AE-45C8-95F5-A0DD1FEE5C3A}.Release|x86.Build.0 = Release|x86
	EndGlobalSection
	GlobalSection(SolutionProperties) = preSolution
		HideSolutionNode = FALSE
	EndGlobalSection
EndGlobal
